
Microsoft Visual Studio Solution File, Format Version 12.00
# Visual Studio Version 17
VisualStudioVersion = 17.3.32825.248
MinimumVisualStudioVersion = 10.0.40219.1
Project("{FAE04EC0-301F-11D3-BF4B-00C04F79EFBC}") = "Lab10", "Lab10\Lab10.csproj", "{19E35E62-88EA-4EA4-BEFE-02892D4D0B90}"
EndProject
Global
	GlobalSection(SolutionConfigurationPlatforms) = preSolution
		Debug|Any CPU = Debug|Any CPU
		Release|Any CPU = Release|Any CPU
	EndGlobalSection
	GlobalSection(ProjectConfigurationPlatforms) = postSolution
		{19E35E62-88EA-4EA4-BEFE-02892D4D0B90}.Debug|Any CPU.ActiveCfg = Debug|Any CPU
		{19E35E62-88EA-4EA4-BEFE-02892D4D0B90}.Debug|Any CPU.Build.0 = Debug|Any CPU
		{19E35E62-88EA-4EA4-BEFE-02892D4D0B90}.Release|Any CPU.ActiveCfg = Release|Any CPU
		{19E35E62-88EA-4EA4-BEFE-02892D4D0B90}.Release|Any CPU.Build.0 = Release|Any CPU
	EndGlobalSection
	GlobalSection(SolutionProperties) = preSolution
		HideSolutionNode = FALSE
	EndGlobalSection
	GlobalSection(ExtensibilityGlobals) = postSolution
		SolutionGuid = {F2DB4EA5-53B9-4C0B-81EC-9731B27F6255}
	EndGlobalSection
EndGlobal
