
Microsoft Visual Studio Solution File, Format Version 12.00
# Visual Studio Version 17
VisualStudioVersion = 17.4.33103.184
MinimumVisualStudioVersion = 10.0.40219.1
Project("{FAE04EC0-301F-11D3-BF4B-00C04F79EFBC}") = "Lab19-20", "Lab19-20\Lab19-20.csproj", "{3723A9F9-3970-4832-8DE4-1F2F4575F091}"
EndProject
Global
	GlobalSection(SolutionConfigurationPlatforms) = preSolution
		Debug|Any CPU = Debug|Any CPU
		Release|Any CPU = Release|Any CPU
	EndGlobalSection
	GlobalSection(ProjectConfigurationPlatforms) = postSolution
		{3723A9F9-3970-4832-8DE4-1F2F4575F091}.Debug|Any CPU.ActiveCfg = Debug|Any CPU
		{3723A9F9-3970-4832-8DE4-1F2F4575F091}.Debug|Any CPU.Build.0 = Debug|Any CPU
		{3723A9F9-3970-4832-8DE4-1F2F4575F091}.Release|Any CPU.ActiveCfg = Release|Any CPU
		{3723A9F9-3970-4832-8DE4-1F2F4575F091}.Release|Any CPU.Build.0 = Release|Any CPU
	EndGlobalSection
	GlobalSection(SolutionProperties) = preSolution
		HideSolutionNode = FALSE
	EndGlobalSection
	GlobalSection(ExtensibilityGlobals) = postSolution
		SolutionGuid = {CF12EAA2-FDE6-489B-B0CF-50ABA826D80D}
	EndGlobalSection
EndGlobal
