
Microsoft Visual Studio Solution File, Format Version 12.00
# Visual Studio Version 17
VisualStudioVersion = 17.3.32825.248
MinimumVisualStudioVersion = 10.0.40219.1
Project("{FAE04EC0-301F-11D3-BF4B-00C04F79EFBC}") = "Lab8", "Lab8\Lab8.csproj", "{5A76D43B-934F-4515-B8D4-95F18C4578A7}"
EndProject
Global
	GlobalSection(SolutionConfigurationPlatforms) = preSolution
		Debug|Any CPU = Debug|Any CPU
		Release|Any CPU = Release|Any CPU
	EndGlobalSection
	GlobalSection(ProjectConfigurationPlatforms) = postSolution
		{5A76D43B-934F-4515-B8D4-95F18C4578A7}.Debug|Any CPU.ActiveCfg = Debug|Any CPU
		{5A76D43B-934F-4515-B8D4-95F18C4578A7}.Debug|Any CPU.Build.0 = Debug|Any CPU
		{5A76D43B-934F-4515-B8D4-95F18C4578A7}.Release|Any CPU.ActiveCfg = Release|Any CPU
		{5A76D43B-934F-4515-B8D4-95F18C4578A7}.Release|Any CPU.Build.0 = Release|Any CPU
	EndGlobalSection
	GlobalSection(SolutionProperties) = preSolution
		HideSolutionNode = FALSE
	EndGlobalSection
	GlobalSection(ExtensibilityGlobals) = postSolution
		SolutionGuid = {DF556800-F459-405C-AE16-0F6C3C4DA118}
	EndGlobalSection
EndGlobal
