
Microsoft Visual Studio Solution File, Format Version 12.00
# Visual Studio Version 17
VisualStudioVersion = 17.3.32825.248
MinimumVisualStudioVersion = 10.0.40219.1
Project("{FAE04EC0-301F-11D3-BF4B-00C04F79EFBC}") = "Lab6", "Lab6\Lab6.csproj", "{A9E59CD6-0AA2-4963-BAD4-8DAEFEC2B3C6}"
EndProject
Global
	GlobalSection(SolutionConfigurationPlatforms) = preSolution
		Debug|Any CPU = Debug|Any CPU
		Release|Any CPU = Release|Any CPU
	EndGlobalSection
	GlobalSection(ProjectConfigurationPlatforms) = postSolution
		{A9E59CD6-0AA2-4963-BAD4-8DAEFEC2B3C6}.Debug|Any CPU.ActiveCfg = Debug|Any CPU
		{A9E59CD6-0AA2-4963-BAD4-8DAEFEC2B3C6}.Debug|Any CPU.Build.0 = Debug|Any CPU
		{A9E59CD6-0AA2-4963-BAD4-8DAEFEC2B3C6}.Release|Any CPU.ActiveCfg = Release|Any CPU
		{A9E59CD6-0AA2-4963-BAD4-8DAEFEC2B3C6}.Release|Any CPU.Build.0 = Release|Any CPU
	EndGlobalSection
	GlobalSection(SolutionProperties) = preSolution
		HideSolutionNode = FALSE
	EndGlobalSection
	GlobalSection(ExtensibilityGlobals) = postSolution
		SolutionGuid = {12F7FE7D-E474-4C72-AAF1-482CA178F44D}
	EndGlobalSection
EndGlobal
